
Microsoft Visual Studio Solution File, Format Version 12.00
# Visual Studio 15
VisualStudioVersion = 15.0.28307.1082
MinimumVisualStudioVersion = 10.0.40219.1
Project("{FAE04EC0-301F-11D3-BF4B-00C04F79EFBC}") = "MVC_LINE", "MVC_LINE\MVC_LINE.csproj", "{3C831EEB-EB8E-4F96-A289-8B2F02D628F5}"
EndProject
Global
	GlobalSection(SolutionConfigurationPlatforms) = preSolution
		Debug|Any CPU = Debug|Any CPU
		Release|Any CPU = Release|Any CPU
	EndGlobalSection
	GlobalSection(ProjectConfigurationPlatforms) = postSolution
		{3C831EEB-EB8E-4F96-A289-8B2F02D628F5}.Debug|Any CPU.ActiveCfg = Debug|Any CPU
		{3C831EEB-EB8E-4F96-A289-8B2F02D628F5}.Debug|Any CPU.Build.0 = Debug|Any CPU
		{3C831EEB-EB8E-4F96-A289-8B2F02D628F5}.Release|Any CPU.ActiveCfg = Release|Any CPU
		{3C831EEB-EB8E-4F96-A289-8B2F02D628F5}.Release|Any CPU.Build.0 = Release|Any CPU
	EndGlobalSection
	GlobalSection(SolutionProperties) = preSolution
		HideSolutionNode = FALSE
	EndGlobalSection
	GlobalSection(ExtensibilityGlobals) = postSolution
		SolutionGuid = {C00A994E-E49A-4C57-B45F-17B8D182D3AD}
	EndGlobalSection
EndGlobal
